
Microsoft Visual Studio Solution File, Format Version 12.00
# Visual Studio Version 17
VisualStudioVersion = 17.5.33414.496
MinimumVisualStudioVersion = 10.0.40219.1
Project("{FAE04EC0-301F-11D3-BF4B-00C04F79EFBC}") = "Updater", "Updater.csproj", "{C8DCD503-5C56-4575-A3B2-FF30FCFF3FDC}"
EndProject
Global
	GlobalSection(SolutionConfigurationPlatforms) = preSolution
		Debug|Any CPU = Debug|Any CPU
		NoDownload|Any CPU = NoDownload|Any CPU
		Release|Any CPU = Release|Any CPU
	EndGlobalSection
	GlobalSection(ProjectConfigurationPlatforms) = postSolution
		{C8DCD503-5C56-4575-A3B2-FF30FCFF3FDC}.Debug|Any CPU.ActiveCfg = Debug|Any CPU
		{C8DCD503-5C56-4575-A3B2-FF30FCFF3FDC}.Debug|Any CPU.Build.0 = Debug|Any CPU
		{C8DCD503-5C56-4575-A3B2-FF30FCFF3FDC}.NoDownload|Any CPU.ActiveCfg = NoDownload|Any CPU
		{C8DCD503-5C56-4575-A3B2-FF30FCFF3FDC}.NoDownload|Any CPU.Build.0 = NoDownload|Any CPU
		{C8DCD503-5C56-4575-A3B2-FF30FCFF3FDC}.Release|Any CPU.ActiveCfg = Release|Any CPU
		{C8DCD503-5C56-4575-A3B2-FF30FCFF3FDC}.Release|Any CPU.Build.0 = Release|Any CPU
	EndGlobalSection
	GlobalSection(SolutionProperties) = preSolution
		HideSolutionNode = FALSE
	EndGlobalSection
	GlobalSection(ExtensibilityGlobals) = postSolution
		SolutionGuid = {82F22B1B-B3ED-4D3A-B633-9EF8C49628D7}
	EndGlobalSection
EndGlobal
